
Microsoft Visual Studio Solution File, Format Version 12.00
# Visual Studio Version 17
VisualStudioVersion = 17.14.37314.3 d17.14
MinimumVisualStudioVersion = 10.0.40219.1
Project("{FAE04EC0-301F-11D3-BF4B-00C04F79EFBC}") = "2.4_form", "2.4_form\2.4_form.csproj", "{FDF6123C-7B72-4295-83D3-9DAC04C053F8}"
EndProject
Global
	GlobalSection(SolutionConfigurationPlatforms) = preSolution
		Debug|Any CPU = Debug|Any CPU
		Release|Any CPU = Release|Any CPU
	EndGlobalSection
	GlobalSection(ProjectConfigurationPlatforms) = postSolution
		{FDF6123C-7B72-4295-83D3-9DAC04C053F8}.Debug|Any CPU.ActiveCfg = Debug|Any CPU
		{FDF6123C-7B72-4295-83D3-9DAC04C053F8}.Debug|Any CPU.Build.0 = Debug|Any CPU
		{FDF6123C-7B72-4295-83D3-9DAC04C053F8}.Release|Any CPU.ActiveCfg = Release|Any CPU
		{FDF6123C-7B72-4295-83D3-9DAC04C053F8}.Release|Any CPU.Build.0 = Release|Any CPU
	EndGlobalSection
	GlobalSection(SolutionProperties) = preSolution
		HideSolutionNode = FALSE
	EndGlobalSection
	GlobalSection(ExtensibilityGlobals) = postSolution
		SolutionGuid = {8EF225DD-392C-419A-93A3-BCBEB676D745}
	EndGlobalSection
EndGlobal
